
Microsoft Visual Studio Solution File, Format Version 12.00
# Visual Studio Version 16
VisualStudioVersion = 16.0.29613.14
MinimumVisualStudioVersion = 10.0.40219.1
Project("{FAE04EC0-301F-11D3-BF4B-00C04F79EFBC}") = "blog.website", "blog.website\blog.website.csproj", "{9260BB53-388E-4AF3-AA09-ADEAA6EA11F7}"
EndProject
Project("{FAE04EC0-301F-11D3-BF4B-00C04F79EFBC}") = "blog.core", "blog.core\blog.core.csproj", "{39CF0712-2234-4906-8531-EF414231034D}"
EndProject
Project("{FAE04EC0-301F-11D3-BF4B-00C04F79EFBC}") = "blog.businesslogic", "blog.businesslogic\blog.businesslogic.csproj", "{A6B03387-3272-48C0-838F-C41A693A3D95}"
EndProject
Project("{FAE04EC0-301F-11D3-BF4B-00C04F79EFBC}") = "blog.data", "blog.data\blog.data.csproj", "{6F79EA7F-7A83-4870-A457-894EBE4D9A4D}"
EndProject
Global
	GlobalSection(SolutionConfigurationPlatforms) = preSolution
		Debug|Any CPU = Debug|Any CPU
		Release|Any CPU = Release|Any CPU
	EndGlobalSection
	GlobalSection(ProjectConfigurationPlatforms) = postSolution
		{9260BB53-388E-4AF3-AA09-ADEAA6EA11F7}.Debug|Any CPU.ActiveCfg = Debug|Any CPU
		{9260BB53-388E-4AF3-AA09-ADEAA6EA11F7}.Debug|Any CPU.Build.0 = Debug|Any CPU
		{9260BB53-388E-4AF3-AA09-ADEAA6EA11F7}.Release|Any CPU.ActiveCfg = Release|Any CPU
		{9260BB53-388E-4AF3-AA09-ADEAA6EA11F7}.Release|Any CPU.Build.0 = Release|Any CPU
		{39CF0712-2234-4906-8531-EF414231034D}.Debug|Any CPU.ActiveCfg = Debug|Any CPU
		{39CF0712-2234-4906-8531-EF414231034D}.Debug|Any CPU.Build.0 = Debug|Any CPU
		{39CF0712-2234-4906-8531-EF414231034D}.Release|Any CPU.ActiveCfg = Release|Any CPU
		{39CF0712-2234-4906-8531-EF414231034D}.Release|Any CPU.Build.0 = Release|Any CPU
		{A6B03387-3272-48C0-838F-C41A693A3D95}.Debug|Any CPU.ActiveCfg = Debug|Any CPU
		{A6B03387-3272-48C0-838F-C41A693A3D95}.Debug|Any CPU.Build.0 = Debug|Any CPU
		{A6B03387-3272-48C0-838F-C41A693A3D95}.Release|Any CPU.ActiveCfg = Release|Any CPU
		{A6B03387-3272-48C0-838F-C41A693A3D95}.Release|Any CPU.Build.0 = Release|Any CPU
		{6F79EA7F-7A83-4870-A457-894EBE4D9A4D}.Debug|Any CPU.ActiveCfg = Debug|Any CPU
		{6F79EA7F-7A83-4870-A457-894EBE4D9A4D}.Debug|Any CPU.Build.0 = Debug|Any CPU
		{6F79EA7F-7A83-4870-A457-894EBE4D9A4D}.Release|Any CPU.ActiveCfg = Release|Any CPU
		{6F79EA7F-7A83-4870-A457-894EBE4D9A4D}.Release|Any CPU.Build.0 = Release|Any CPU
	EndGlobalSection
	GlobalSection(SolutionProperties) = preSolution
		HideSolutionNode = FALSE
	EndGlobalSection
	GlobalSection(ExtensibilityGlobals) = postSolution
		SolutionGuid = {2320FCA8-2DCD-4C69-B9AF-A604E69C7565}
	EndGlobalSection
EndGlobal
